
Microsoft Visual Studio Solution File, Format Version 12.00
# Visual Studio 15
VisualStudioVersion = 15.0.26430.6
MinimumVisualStudioVersion = 10.0.40219.1
Project("{FAE04EC0-301F-11D3-BF4B-00C04F79EFBC}") = "SportsStore.Domain", "SportsStore.Domain\SportsStore.Domain.csproj", "{1CDE0ADA-DEA6-4A6D-A389-C9998B7A39D8}"
EndProject
Project("{9A19103F-16F7-4668-BE54-9A1E7A4F7556}") = "SportsStore.WebUI", "SportsStore.WebUI\SportsStore.WebUI.csproj", "{8F86B9CF-4149-4D1A-8C89-E76EE055DA54}"
EndProject
Project("{9A19103F-16F7-4668-BE54-9A1E7A4F7556}") = "SportsStore.UnitTests", "SportsStore.UnitTests\SportsStore.UnitTests.csproj", "{6256E55B-9606-47B1-91AE-2752A23EDF86}"
EndProject
Global
	GlobalSection(SolutionConfigurationPlatforms) = preSolution
		Debug|Any CPU = Debug|Any CPU
		Release|Any CPU = Release|Any CPU
	EndGlobalSection
	GlobalSection(ProjectConfigurationPlatforms) = postSolution
		{1CDE0ADA-DEA6-4A6D-A389-C9998B7A39D8}.Debug|Any CPU.ActiveCfg = Debug|Any CPU
		{1CDE0ADA-DEA6-4A6D-A389-C9998B7A39D8}.Debug|Any CPU.Build.0 = Debug|Any CPU
		{1CDE0ADA-DEA6-4A6D-A389-C9998B7A39D8}.Release|Any CPU.ActiveCfg = Release|Any CPU
		{1CDE0ADA-DEA6-4A6D-A389-C9998B7A39D8}.Release|Any CPU.Build.0 = Release|Any CPU
		{8F86B9CF-4149-4D1A-8C89-E76EE055DA54}.Debug|Any CPU.ActiveCfg = Debug|Any CPU
		{8F86B9CF-4149-4D1A-8C89-E76EE055DA54}.Debug|Any CPU.Build.0 = Debug|Any CPU
		{8F86B9CF-4149-4D1A-8C89-E76EE055DA54}.Release|Any CPU.ActiveCfg = Release|Any CPU
		{8F86B9CF-4149-4D1A-8C89-E76EE055DA54}.Release|Any CPU.Build.0 = Release|Any CPU
		{6256E55B-9606-47B1-91AE-2752A23EDF86}.Debug|Any CPU.ActiveCfg = Debug|Any CPU
		{6256E55B-9606-47B1-91AE-2752A23EDF86}.Debug|Any CPU.Build.0 = Debug|Any CPU
		{6256E55B-9606-47B1-91AE-2752A23EDF86}.Release|Any CPU.ActiveCfg = Release|Any CPU
		{6256E55B-9606-47B1-91AE-2752A23EDF86}.Release|Any CPU.Build.0 = Release|Any CPU
	EndGlobalSection
	GlobalSection(SolutionProperties) = preSolution
		HideSolutionNode = FALSE
	EndGlobalSection
EndGlobal
